
Microsoft Visual Studio Solution File, Format Version 12.00
# Visual Studio 15
VisualStudioVersion = 15.0.28307.136
MinimumVisualStudioVersion = 10.0.40219.1
Project("{FAE04EC0-301F-11D3-BF4B-00C04F79EFBC}") = "GuildLounge", "GuildLounge\GuildLounge.csproj", "{445D729E-F4D5-42CD-B7A9-C094B88E6D98}"
EndProject
Project("{FAE04EC0-301F-11D3-BF4B-00C04F79EFBC}") = "GuildLoungeUpdater", "GuildLoungeUpdater\GuildLoungeUpdater.csproj", "{85844F55-0C27-443C-AA11-E8957163D4A3}"
EndProject
Global
	GlobalSection(SolutionConfigurationPlatforms) = preSolution
		Debug|Any CPU = Debug|Any CPU
		Debug|x64 = Debug|x64
		Release|Any CPU = Release|Any CPU
		Release|x64 = Release|x64
	EndGlobalSection
	GlobalSection(ProjectConfigurationPlatforms) = postSolution
		{445D729E-F4D5-42CD-B7A9-C094B88E6D98}.Debug|Any CPU.ActiveCfg = Debug|Any CPU
		{445D729E-F4D5-42CD-B7A9-C094B88E6D98}.Debug|Any CPU.Build.0 = Debug|Any CPU
		{445D729E-F4D5-42CD-B7A9-C094B88E6D98}.Debug|x64.ActiveCfg = Debug|x64
		{445D729E-F4D5-42CD-B7A9-C094B88E6D98}.Debug|x64.Build.0 = Debug|x64
		{445D729E-F4D5-42CD-B7A9-C094B88E6D98}.Release|Any CPU.ActiveCfg = Release|Any CPU
		{445D729E-F4D5-42CD-B7A9-C094B88E6D98}.Release|Any CPU.Build.0 = Release|Any CPU
		{445D729E-F4D5-42CD-B7A9-C094B88E6D98}.Release|x64.ActiveCfg = Release|x64
		{445D729E-F4D5-42CD-B7A9-C094B88E6D98}.Release|x64.Build.0 = Release|x64
		{85844F55-0C27-443C-AA11-E8957163D4A3}.Debug|Any CPU.ActiveCfg = Debug|Any CPU
		{85844F55-0C27-443C-AA11-E8957163D4A3}.Debug|Any CPU.Build.0 = Debug|Any CPU
		{85844F55-0C27-443C-AA11-E8957163D4A3}.Debug|x64.ActiveCfg = Debug|Any CPU
		{85844F55-0C27-443C-AA11-E8957163D4A3}.Debug|x64.Build.0 = Debug|Any CPU
		{85844F55-0C27-443C-AA11-E8957163D4A3}.Release|Any CPU.ActiveCfg = Release|Any CPU
		{85844F55-0C27-443C-AA11-E8957163D4A3}.Release|Any CPU.Build.0 = Release|Any CPU
		{85844F55-0C27-443C-AA11-E8957163D4A3}.Release|x64.ActiveCfg = Release|Any CPU
		{85844F55-0C27-443C-AA11-E8957163D4A3}.Release|x64.Build.0 = Release|Any CPU
	EndGlobalSection
	GlobalSection(SolutionProperties) = preSolution
		HideSolutionNode = FALSE
	EndGlobalSection
	GlobalSection(ExtensibilityGlobals) = postSolution
		SolutionGuid = {D5753433-DD16-4C06-85E1-AEBE175A34FC}
	EndGlobalSection
EndGlobal
